
Microsoft Visual Studio Solution File, Format Version 12.00
# Visual Studio Version 17
VisualStudioVersion = 17.4.33213.308
MinimumVisualStudioVersion = 10.0.40219.1
Project("{FAE04EC0-301F-11D3-BF4B-00C04F79EFBC}") = "AddressBook", "AddressBook\AddressBook.csproj", "{74B19E85-8BBC-4E1F-A317-877E7EE80BC1}"
EndProject
Global
	GlobalSection(SolutionConfigurationPlatforms) = preSolution
		Debug|Any CPU = Debug|Any CPU
		Release|Any CPU = Release|Any CPU
	EndGlobalSection
	GlobalSection(ProjectConfigurationPlatforms) = postSolution
		{74B19E85-8BBC-4E1F-A317-877E7EE80BC1}.Debug|Any CPU.ActiveCfg = Debug|Any CPU
		{74B19E85-8BBC-4E1F-A317-877E7EE80BC1}.Debug|Any CPU.Build.0 = Debug|Any CPU
		{74B19E85-8BBC-4E1F-A317-877E7EE80BC1}.Release|Any CPU.ActiveCfg = Release|Any CPU
		{74B19E85-8BBC-4E1F-A317-877E7EE80BC1}.Release|Any CPU.Build.0 = Release|Any CPU
	EndGlobalSection
	GlobalSection(SolutionProperties) = preSolution
		HideSolutionNode = FALSE
	EndGlobalSection
	GlobalSection(ExtensibilityGlobals) = postSolution
		SolutionGuid = {523CB4A2-9DFE-4542-90E1-FDAB9E504146}
	EndGlobalSection
EndGlobal
